// !$*UTF8*$!
{
	archiveVersion = 1;
	classes = {
	};
	objectVersion = 50;
	objects = {

/* Begin PBXBuildFile section */
		D245D0632476DC7D007BBFD8 /* AppDelegate.swift in Sources */ = {isa = PBXBuildFile; fileRef = D245D0622476DC7D007BBFD8 /* AppDelegate.swift */; };
		D245D0652476DC7D007BBFD8 /* SceneDelegate.swift in Sources */ = {isa = PBXBuildFile; fileRef = D245D0642476DC7D007BBFD8 /* SceneDelegate.swift */; };
		D245D0672476DC7D007BBFD8 /* ViewController.swift in Sources */ = {isa = PBXBuildFile; fileRef = D245D0662476DC7D007BBFD8 /* ViewController.swift */; };
		D245D06A2476DC7D007BBFD8 /* Main.storyboard in Resources */ = {isa = PBXBuildFile; fileRef = D245D0682476DC7D007BBFD8 /* Main.storyboard */; };
		D245D06C2476DC86007BBFD8 /* Assets.xcassets in Resources */ = {isa = PBXBuildFile; fileRef = D245D06B2476DC86007BBFD8 /* Assets.xcassets */; };
		D245D06F2476DC86007BBFD8 /* LaunchScreen.storyboard in Resources */ = {isa = PBXBuildFile; fileRef = D245D06D2476DC86007BBFD8 /* LaunchScreen.storyboard */; };
		D245D0772476E75C007BBFD8 /* ViewModel.swift in Sources */ = {isa = PBXBuildFile; fileRef = D245D0762476E75C007BBFD8 /* ViewModel.swift */; };
		D2E581932476EA4100E58A43 /* Model.swift in Sources */ = {isa = PBXBuildFile; fileRef = D2E581922476EA4100E58A43 /* Model.swift */; };
/* End PBXBuildFile section */

/* Begin PBXFileReference section */
		D245D05F2476DC7D007BBFD8 /* GitHubSearcher.app */ = {isa = PBXFileReference; explicitFileType = wrapper.application; includeInIndex = 0; path = GitHubSearcher.app; sourceTree = BUILT_PRODUCTS_DIR; };
		D245D0622476DC7D007BBFD8 /* AppDelegate.swift */ = {isa = PBXFileReference; lastKnownFileType = sourcecode.swift; path = AppDelegate.swift; sourceTree = "<group>"; };
		D245D0642476DC7D007BBFD8 /* SceneDelegate.swift */ = {isa = PBXFileReference; lastKnownFileType = sourcecode.swift; path = SceneDelegate.swift; sourceTree = "<group>"; };
		D245D0662476DC7D007BBFD8 /* ViewController.swift */ = {isa = PBXFileReference; lastKnownFileType = sourcecode.swift; path = ViewController.swift; sourceTree = "<group>"; };
		D245D0692476DC7D007BBFD8 /* Base */ = {isa = PBXFileReference; lastKnownFileType = file.storyboard; name = Base; path = Base.lproj/Main.storyboard; sourceTree = "<group>"; };
		D245D06B2476DC86007BBFD8 /* Assets.xcassets */ = {isa = PBXFileReference; lastKnownFileType = folder.assetcatalog; path = Assets.xcassets; sourceTree = "<group>"; };
		D245D06E2476DC86007BBFD8 /* Base */ = {isa = PBXFileReference; lastKnownFileType = file.storyboard; name = Base; path = Base.lproj/LaunchScreen.storyboard; sourceTree = "<group>"; };
		D245D0702476DC86007BBFD8 /* Info.plist */ = {isa = PBXFileReference; lastKnownFileType = text.plist.xml; path = Info.plist; sourceTree = "<group>"; };
		D245D0762476E75C007BBFD8 /* ViewModel.swift */ = {isa = PBXFileReference; lastKnownFileType = sourcecode.swift; path = ViewModel.swift; sourceTree = "<group>"; };
		D2E581922476EA4100E58A43 /* Model.swift */ = {isa = PBXFileReference; lastKnownFileType = sourcecode.swift; path = Model.swift; sourceTree = "<group>"; };
/* End PBXFileReference section */

/* Begin PBXFrameworksBuildPhase section */
		D245D05C2476DC7D007BBFD8 /* Frameworks */ = {
			isa = PBXFrameworksBuildPhase;
			buildActionMask = 2147483647;
			files = (
			);
			runOnlyForDeploymentPostprocessing = 0;
		};
/* End PBXFrameworksBuildPhase section */

/* Begin PBXGroup section */
		D245D0562476DC7C007BBFD8 = {
			isa = PBXGroup;
			children = (
				D245D0612476DC7D007BBFD8 /* GitHubSearcher */,
				D245D0602476DC7D007BBFD8 /* Products */,
			);
			sourceTree = "<group>";
		};
		D245D0602476DC7D007BBFD8 /* Products */ = {
			isa = PBXGroup;
			children = (
				D245D05F2476DC7D007BBFD8 /* GitHubSearcher.app */,
			);
			name = Products;
			sourceTree = "<group>";
		};
		D245D0612476DC7D007BBFD8 /* GitHubSearcher */ = {
			isa = PBXGroup;
			children = (
				D245D0622476DC7D007BBFD8 /* AppDelegate.swift */,
				D245D0642476DC7D007BBFD8 /* SceneDelegate.swift */,
				D245D0662476DC7D007BBFD8 /* ViewController.swift */,
				D245D0682476DC7D007BBFD8 /* Main.storyboard */,
				D245D06B2476DC86007BBFD8 /* Assets.xcassets */,
				D245D06D2476DC86007BBFD8 /* LaunchScreen.storyboard */,
				D245D0702476DC86007BBFD8 /* Info.plist */,
				D245D0762476E75C007BBFD8 /* ViewModel.swift */,
				D2E581922476EA4100E58A43 /* Model.swift */,
			);
			path = GitHubSearcher;
			sourceTree = "<group>";
		};
/* End PBXGroup section */

/* Begin PBXNativeTarget section */
		D245D05E2476DC7D007BBFD8 /* GitHubSearcher */ = {
			isa = PBXNativeTarget;
			buildConfigurationList = D245D0732476DC86007BBFD8 /* Build configuration list for PBXNativeTarget "GitHubSearcher" */;
			buildPhases = (
				D245D05B2476DC7D007BBFD8 /* Sources */,
				D245D05C2476DC7D007BBFD8 /* Frameworks */,
				D245D05D2476DC7D007BBFD8 /* Resources */,
			);
			buildRules = (
			);
			dependencies = (
			);
			name = GitHubSearcher;
			productName = GitHubSearcher;
			productReference = D245D05F2476DC7D007BBFD8 /* GitHubSearcher.app */;
			productType = "com.apple.product-type.application";
		};
/* End PBXNativeTarget section */

/* Begin PBXProject section */
		D245D0572476DC7C007BBFD8 /* Project object */ = {
			isa = PBXProject;
			attributes = {
				LastSwiftUpdateCheck = 1140;
				LastUpgradeCheck = 1140;
				ORGANIZATIONNAME = "Scott Kerkove";
				TargetAttributes = {
					D245D05E2476DC7D007BBFD8 = {
						CreatedOnToolsVersion = 11.4.1;
					};
				};
			};
			buildConfigurationList = D245D05A2476DC7C007BBFD8 /* Build configuration list for PBXProject "GitHubSearcher" */;
			compatibilityVersion = "Xcode 9.3";
			developmentRegion = en;
			hasScannedForEncodings = 0;
			knownRegions = (
				en,
				Base,
			);
			mainGroup = D245D0562476DC7C007BBFD8;
			productRefGroup = D245D0602476DC7D007BBFD8 /* Products */;
			projectDirPath = "";
			projectRoot = "";
			targets = (
				D245D05E2476DC7D007BBFD8 /* GitHubSearcher */,
			);
		};
/* End PBXProject section */

/* Begin PBXResourcesBuildPhase section */
		D245D05D2476DC7D007BBFD8 /* Resources */ = {
			isa = PBXResourcesBuildPhase;
			buildActionMask = 2147483647;
			files = (
				D245D06F2476DC86007BBFD8 /* LaunchScreen.storyboard in Resources */,
				D245D06C2476DC86007BBFD8 /* Assets.xcassets in Resources */,
				D245D06A2476DC7D007BBFD8 /* Main.storyboard in Resources */,
			);
			runOnlyForDeploymentPostprocessing = 0;
		};
/* End PBXResourcesBuildPhase section */

/* Begin PBXSourcesBuildPhase section */
		D245D05B2476DC7D007BBFD8 /* Sources */ = {
			isa = PBXSourcesBuildPhase;
			buildActionMask = 2147483647;
			files = (
				D2E581932476EA4100E58A43 /* Model.swift in Sources */,
				D245D0672476DC7D007BBFD8 /* ViewController.swift in Sources */,
				D245D0632476DC7D007BBFD8 /* AppDelegate.swift in Sources */,
				D245D0772476E75C007BBFD8 /* ViewModel.swift in Sources */,
				D245D0652476DC7D007BBFD8 /* SceneDelegate.swift in Sources */,
			);
			runOnlyForDeploymentPostprocessing = 0;
		};
/* End PBXSourcesBuildPhase section */

/* Begin PBXVariantGroup section */
		D245D0682476DC7D007BBFD8 /* Main.storyboard */ = {
			isa = PBXVariantGroup;
			children = (
				D245D0692476DC7D007BBFD8 /* Base */,
			);
			name = Main.storyboard;
			sourceTree = "<group>";
		};
		D245D06D2476DC86007BBFD8 /* LaunchScreen.storyboard */ = {
			isa = PBXVariantGroup;
			children = (
				D245D06E2476DC86007BBFD8 /* Base */,
			);
			name = LaunchScreen.storyboard;
			sourceTree = "<group>";
		};
/* End PBXVariantGroup section */

/* Begin XCBuildConfiguration section */
		D245D0712476DC86007BBFD8 /* Debug */ = {
			isa = XCBuildConfiguration;
			buildSettings = {
				ALWAYS_SEARCH_USER_PATHS = NO;
				CLANG_ANALYZER_NONNULL = YES;
				CLANG_ANALYZER_NUMBER_OBJECT_CONVERSION = YES_AGGRESSIVE;
				CLANG_CXX_LANGUAGE_STANDARD = "gnu++14";
				CLANG_CXX_LIBRARY = "libc++";
				CLANG_ENABLE_MODULES = YES;
				CLANG_ENABLE_OBJC_ARC = YES;
				CLANG_ENABLE_OBJC_WEAK = YES;
				CLANG_WARN_BLOCK_CAPTURE_AUTORELEASING = YES;
				CLANG_WARN_BOOL_CONVERSION = YES;
				CLANG_WARN_COMMA = YES;
				CLANG_WARN_CONSTANT_CONVERSION = YES;
				CLANG_WARN_DEPRECATED_OBJC_IMPLEMENTATIONS = YES;
				CLANG_WARN_DIRECT_OBJC_ISA_USAGE = YES_ERROR;
				CLANG_WARN_DOCUMENTATION_COMMENTS = YES;
				CLANG_WARN_EMPTY_BODY = YES;
				CLANG_WARN_ENUM_CONVERSION = YES;
				CLANG_WARN_INFINITE_RECURSION = YES;
				CLANG_WARN_INT_CONVERSION = YES;
				CLANG_WARN_NON_LITERAL_NULL_CONVERSION = YES;
				CLANG_WARN_OBJC_IMPLICIT_RETAIN_SELF = YES;
				CLANG_WARN_OBJC_LITERAL_CONVERSION = YES;
				CLANG_WARN_OBJC_ROOT_CLASS = YES_ERROR;
				CLANG_WARN_RANGE_LOOP_ANALYSIS = YES;
				CLANG_WARN_STRICT_PROTOTYPES = YES;
				CLANG_WARN_SUSPICIOUS_MOVE = YES;
				CLANG_WARN_UNGUARDED_AVAILABILITY = YES_AGGRESSIVE;
				CLANG_WARN_UNREACHABLE_CODE = YES;
				CLANG_WARN__DUPLICATE_METHOD_MATCH = YES;
				COPY_PHASE_STRIP = NO;
				DEBUG_INFORMATION_FORMAT = dwarf;
				ENABLE_STRICT_OBJC_MSGSEND = YES;
				ENABLE_TESTABILITY = YES;
				GCC_C_LANGUAGE_STANDARD = gnu11;
				GCC_DYNAMIC_NO_PIC = NO;
				GCC_NO_COMMON_BLOCKS = YES;
				GCC_OPTIMIZATION_LEVEL = 0;
				GCC_PREPROCESSOR_DEFINITIONS = (
					"DEBUG=1",
					"$(inherited)",
				);
				GCC_WARN_64_TO_32_BIT_CONVERSION = YES;
				GCC_WARN_ABOUT_RETURN_TYPE = YES_ERROR;
				GCC_WARN_UNDECLARED_SELECTOR = YES;
				GCC_WARN_UNINITIALIZED_AUTOS = YES_AGGRESSIVE;
				GCC_WARN_UNUSED_FUNCTION = YES;
				GCC_WARN_UNUSED_VARIABLE = YES;
				IPHONEOS_DEPLOYMENT_TARGET = 13.4;
				MTL_ENABLE_DEBUG_INFO = INCLUDE_SOURCE;
				MTL_FAST_MATH = YES;
				ONLY_ACTIVE_ARCH = YES;
				SDKROOT = iphoneos;
				SWIFT_ACTIVE_COMPILATION_CONDITIONS = DEBUG;
				SWIFT_OPTIMIZATION_LEVEL = "-Onone";
			};
			name = Debug;
		};
		D245D0722476DC86007BBFD8 /* Release */ = {
			isa = XCBuildConfiguration;
			buildSettings = {
				ALWAYS_SEARCH_USER_PATHS = NO;
				CLANG_ANALYZER_NONNULL = YES;
				CLANG_ANALYZER_NUMBER_OBJECT_CONVERSION = YES_AGGRESSIVE;
				CLANG_CXX_LANGUAGE_STANDARD = "gnu++14";
				CLANG_CXX_LIBRARY = "libc++";
				CLANG_ENABLE_MODULES = YES;
				CLANG_ENABLE_OBJC_ARC = YES;
				CLANG_ENABLE_OBJC_WEAK = YES;
				CLANG_WARN_BLOCK_CAPTURE_AUTORELEASING = YES;
				CLANG_WARN_BOOL_CONVERSION = YES;
				CLANG_WARN_COMMA = YES;
				CLANG_WARN_CONSTANT_CONVERSION = YES;
				CLANG_WARN_DEPRECATED_OBJC_IMPLEMENTATIONS = YES;
				CLANG_WARN_DIRECT_OBJC_ISA_USAGE = YES_ERROR;
				CLANG_WARN_DOCUMENTATION_COMMENTS = YES;
				CLANG_WARN_EMPTY_BODY = YES;
				CLANG_WARN_ENUM_CONVERSION = YES;
				CLANG_WARN_INFINITE_RECURSION = YES;
				CLANG_WARN_INT_CONVERSION = YES;
				CLANG_WARN_NON_LITERAL_NULL_CONVERSION = YES;
				CLANG_WARN_OBJC_IMPLICIT_RETAIN_SELF = YES;
				CLANG_WARN_OBJC_LITERAL_CONVERSION = YES;
				CLANG_WARN_OBJC_ROOT_CLASS = YES_ERROR;
				CLANG_WARN_RANGE_LOOP_ANALYSIS = YES;
				CLANG_WARN_STRICT_PROTOTYPES = YES;
				CLANG_WARN_SUSPICIOUS_MOVE = YES;
				CLANG_WARN_UNGUARDED_AVAILABILITY = YES_AGGRESSIVE;
				CLANG_WARN_UNREACHABLE_CODE = YES;
				CLANG_WARN__DUPLICATE_METHOD_MATCH = YES;
				COPY_PHASE_STRIP = NO;
				DEBUG_INFORMATION_FORMAT = "dwarf-with-dsym";
				ENABLE_NS_ASSERTIONS = NO;
				ENABLE_STRICT_OBJC_MSGSEND = YES;
				GCC_C_LANGUAGE_STANDARD = gnu11;
				GCC_NO_COMMON_BLOCKS = YES;
				GCC_WARN_64_TO_32_BIT_CONVERSION = YES;
				GCC_WARN_ABOUT_RETURN_TYPE = YES_ERROR;
				GCC_WARN_UNDECLARED_SELECTOR = YES;
				GCC_WARN_UNINITIALIZED_AUTOS = YES_AGGRESSIVE;
				GCC_WARN_UNUSED_FUNCTION = YES;
				GCC_WARN_UNUSED_VARIABLE = YES;
				IPHONEOS_DEPLOYMENT_TARGET = 13.4;
				MTL_ENABLE_DEBUG_INFO = NO;
				MTL_FAST_MATH = YES;
				SDKROOT = iphoneos;
				SWIFT_COMPILATION_MODE = wholemodule;
				SWIFT_OPTIMIZATION_LEVEL = "-O";
				VALIDATE_PRODUCT = YES;
			};
			name = Release;
		};
		D245D0742476DC86007BBFD8 /* Debug */ = {
			isa = XCBuildConfiguration;
			buildSettings = {
				ASSETCATALOG_COMPILER_APPICON_NAME = AppIcon;
				CODE_SIGN_STYLE = Automatic;
				DEVELOPMENT_TEAM = 77Y6NRSK77;
				INFOPLIST_FILE = GitHubSearcher/Info.plist;
				LD_RUNPATH_SEARCH_PATHS = (
					"$(inherited)",
					"@executable_path/Frameworks",
				);
				PRODUCT_BUNDLE_IDENTIFIER = scottk.GitHubSearcher;
				PRODUCT_NAME = "$(TARGET_NAME)";
				SWIFT_VERSION = 5.0;
				TARGETED_DEVICE_FAMILY = "1,2";
			};
			name = Debug;
		};
		D245D0752476DC86007BBFD8 /* Release */ = {
			isa = XCBuildConfiguration;
			buildSettings = {
				ASSETCATALOG_COMPILER_APPICON_NAME = AppIcon;
				CODE_SIGN_STYLE = Automatic;
				DEVELOPMENT_TEAM = 77Y6NRSK77;
				INFOPLIST_FILE = GitHubSearcher/Info.plist;
				LD_RUNPATH_SEARCH_PATHS = (
					"$(inherited)",
					"@executable_path/Frameworks",
				);
				PRODUCT_BUNDLE_IDENTIFIER = scottk.GitHubSearcher;
				PRODUCT_NAME = "$(TARGET_NAME)";
				SWIFT_VERSION = 5.0;
				TARGETED_DEVICE_FAMILY = "1,2";
			};
			name = Release;
		};
/* End XCBuildConfiguration section */

/* Begin XCConfigurationList section */
		D245D05A2476DC7C007BBFD8 /* Build configuration list for PBXProject "GitHubSearcher" */ = {
			isa = XCConfigurationList;
			buildConfigurations = (
				D245D0712476DC86007BBFD8 /* Debug */,
				D245D0722476DC86007BBFD8 /* Release */,
			);
			defaultConfigurationIsVisible = 0;
			defaultConfigurationName = Release;
		};
		D245D0732476DC86007BBFD8 /* Build configuration list for PBXNativeTarget "GitHubSearcher" */ = {
			isa = XCConfigurationList;
			buildConfigurations = (
				D245D0742476DC86007BBFD8 /* Debug */,
				D245D0752476DC86007BBFD8 /* Release */,
			);
			defaultConfigurationIsVisible = 0;
			defaultConfigurationName = Release;
		};
/* End XCConfigurationList section */
	};
	rootObject = D245D0572476DC7C007BBFD8 /* Project object */;
}
